{
  "version": 4,
  "terraform_version": "1.9.3",
  "serial": 70,
  "lineage": "1e267c77-4a66-d718-f5e3-f9b7f591aac3",
  "outputs": {},
  "resources": [
    {
      "mode": "data",
      "type": "aws_ami",
      "name": "ubuntu",
      "provider": "provider[\"registry.terraform.io/hashicorp/aws\"]",
      "instances": [
        {
          "schema_version": 0,
          "attributes": {
            "architecture": "x86_64",
            "arn": "arn:aws:ec2:us-east-1::image/ami-03e31863b8e1f70a5",
            "block_device_mappings": [
              {
                "device_name": "/dev/sda1",
                "ebs": {
                  "delete_on_termination": "true",
                  "encrypted": "false",
                  "iops": "0",
                  "snapshot_id": "snap-0c6577dfaa05df03f",
                  "throughput": "0",
                  "volume_size": "8",
                  "volume_type": "gp2"
                },
                "no_device": "",
                "virtual_name": ""
              },
              {
                "device_name": "/dev/sdb",
                "ebs": {},
                "no_device": "",
                "virtual_name": "ephemeral0"
              },
              {
                "device_name": "/dev/sdc",
                "ebs": {},
                "no_device": "",
                "virtual_name": "ephemeral1"
              }
            ],
            "boot_mode": "uefi-preferred",
            "creation_date": "2024-08-01T03:40:59.000Z",
            "deprecation_time": "2026-08-01T03:40:59.000Z",
            "description": "Canonical, Ubuntu, 22.04 LTS, amd64 jammy image build on 2024-08-01",
            "ena_support": true,
            "executable_users": null,
            "filter": [
              {
                "name": "name",
                "values": [
                  "ubuntu/images/hvm-ssd/ubuntu-jammy-22.04-amd64-server-*"
                ]
              },
              {
                "name": "virtualization-type",
                "values": [
                  "hvm"
                ]
              }
            ],
            "hypervisor": "xen",
            "id": "ami-03e31863b8e1f70a5",
            "image_id": "ami-03e31863b8e1f70a5",
            "image_location": "amazon/ubuntu/images/hvm-ssd/ubuntu-jammy-22.04-amd64-server-20240801",
            "image_owner_alias": "amazon",
            "image_type": "machine",
            "imds_support": "v2.0",
            "include_deprecated": false,
            "kernel_id": "",
            "most_recent": true,
            "name": "ubuntu/images/hvm-ssd/ubuntu-jammy-22.04-amd64-server-20240801",
            "name_regex": null,
            "owner_id": "099720109477",
            "owners": [
              "099720109477"
            ],
            "platform": "",
            "platform_details": "Linux/UNIX",
            "product_codes": [],
            "public": true,
            "ramdisk_id": "",
            "root_device_name": "/dev/sda1",
            "root_device_type": "ebs",
            "root_snapshot_id": "snap-0c6577dfaa05df03f",
            "sriov_net_support": "simple",
            "state": "available",
            "state_reason": {
              "code": "UNSET",
              "message": "UNSET"
            },
            "tags": {},
            "timeouts": null,
            "tpm_support": "",
            "usage_operation": "RunInstances",
            "virtualization_type": "hvm"
          },
          "sensitive_attributes": []
        }
      ]
    },
    {
      "mode": "managed",
      "type": "aws_eip",
      "name": "nat",
      "provider": "provider[\"registry.terraform.io/hashicorp/aws\"]",
      "instances": [
        {
          "schema_version": 0,
          "attributes": {
            "address": null,
            "allocation_id": "eipalloc-0e11aecb0deb27523",
            "arn": "arn:aws:ec2:us-east-1:992382567875:elastic-ip/eipalloc-0e11aecb0deb27523",
            "associate_with_private_ip": null,
            "association_id": "",
            "carrier_ip": "",
            "customer_owned_ip": "",
            "customer_owned_ipv4_pool": "",
            "domain": "vpc",
            "id": "eipalloc-0e11aecb0deb27523",
            "instance": "",
            "network_border_group": "us-east-1",
            "network_interface": "",
            "private_dns": null,
            "private_ip": "",
            "ptr_record": "",
            "public_dns": "ec2-44-198-236-207.compute-1.amazonaws.com",
            "public_ip": "44.198.236.207",
            "public_ipv4_pool": "amazon",
            "tags": null,
            "tags_all": {},
            "timeouts": null,
            "vpc": true
          },
          "sensitive_attributes": [],
          "private": "eyJlMmJmYjczMC1lY2FhLTExZTYtOGY4OC0zNDM2M2JjN2M0YzAiOnsiZGVsZXRlIjoxODAwMDAwMDAwMDAsInJlYWQiOjkwMDAwMDAwMDAwMCwidXBkYXRlIjozMDAwMDAwMDAwMDB9fQ==",
          "dependencies": [
            "aws_internet_gateway.ig",
            "aws_vpc.default"
          ]
        }
      ]
    },
    {
      "mode": "managed",
      "type": "aws_instance",
      "name": "private",
      "provider": "provider[\"registry.terraform.io/hashicorp/aws\"]",
      "instances": [
        {
          "schema_version": 1,
          "attributes": {
            "ami": "ami-03e31863b8e1f70a5",
            "arn": "arn:aws:ec2:us-east-1:992382567875:instance/i-07f043660f3ec160a",
            "associate_public_ip_address": false,
            "availability_zone": "us-east-1c",
            "capacity_reservation_specification": [
              {
                "capacity_reservation_preference": "open",
                "capacity_reservation_target": []
              }
            ],
            "cpu_core_count": 1,
            "cpu_options": [
              {
                "amd_sev_snp": "",
                "core_count": 1,
                "threads_per_core": 1
              }
            ],
            "cpu_threads_per_core": 1,
            "credit_specification": [
              {
                "cpu_credits": "standard"
              }
            ],
            "disable_api_stop": false,
            "disable_api_termination": false,
            "ebs_block_device": [],
            "ebs_optimized": false,
            "enclave_options": [
              {
                "enabled": false
              }
            ],
            "ephemeral_block_device": [],
            "get_password_data": false,
            "hibernation": false,
            "host_id": "",
            "host_resource_group_arn": null,
            "iam_instance_profile": "",
            "id": "i-07f043660f3ec160a",
            "instance_initiated_shutdown_behavior": "stop",
            "instance_lifecycle": "",
            "instance_market_options": [],
            "instance_state": "running",
            "instance_type": "t2.micro",
            "ipv6_address_count": 0,
            "ipv6_addresses": [],
            "key_name": "pryimak",
            "launch_template": [],
            "maintenance_options": [
              {
                "auto_recovery": "default"
              }
            ],
            "metadata_options": [
              {
                "http_endpoint": "enabled",
                "http_protocol_ipv6": "disabled",
                "http_put_response_hop_limit": 2,
                "http_tokens": "required",
                "instance_metadata_tags": "disabled"
              }
            ],
            "monitoring": false,
            "network_interface": [],
            "outpost_arn": "",
            "password_data": "",
            "placement_group": "",
            "placement_partition_number": 0,
            "primary_network_interface_id": "eni-0f77c821f1426adf7",
            "private_dns": "ip-10-0-66-227.ec2.internal",
            "private_dns_name_options": [
              {
                "enable_resource_name_dns_a_record": false,
                "enable_resource_name_dns_aaaa_record": false,
                "hostname_type": "ip-name"
              }
            ],
            "private_ip": "10.0.66.227",
            "public_dns": "",
            "public_ip": "",
            "root_block_device": [
              {
                "delete_on_termination": true,
                "device_name": "/dev/sda1",
                "encrypted": false,
                "iops": 100,
                "kms_key_id": "",
                "tags": {},
                "tags_all": {},
                "throughput": 0,
                "volume_id": "vol-06c1e191b61355e07",
                "volume_size": 8,
                "volume_type": "gp2"
              }
            ],
            "secondary_private_ips": [],
            "security_groups": [
              "sg-0ed10efc0a02c927d"
            ],
            "source_dest_check": true,
            "spot_instance_request_id": "",
            "subnet_id": "subnet-0569e7a8a9727b854",
            "tags": {
              "Name": "pryimak-private",
              "homework": "hw",
              "student": "pryimak"
            },
            "tags_all": {
              "Name": "pryimak-private",
              "homework": "hw",
              "student": "pryimak"
            },
            "tenancy": "default",
            "timeouts": null,
            "user_data": null,
            "user_data_base64": null,
            "user_data_replace_on_change": false,
            "volume_tags": null,
            "vpc_security_group_ids": [
              "sg-0ed10efc0a02c927d"
            ]
          },
          "sensitive_attributes": [],
          "private": "eyJlMmJmYjczMC1lY2FhLTExZTYtOGY4OC0zNDM2M2JjN2M0YzAiOnsiY3JlYXRlIjo2MDAwMDAwMDAwMDAsImRlbGV0ZSI6MTIwMDAwMDAwMDAwMCwicmVhZCI6OTAwMDAwMDAwMDAwLCJ1cGRhdGUiOjYwMDAwMDAwMDAwMH0sInNjaGVtYV92ZXJzaW9uIjoiMSJ9",
          "dependencies": [
            "aws_key_pair.generated_key",
            "aws_security_group.private",
            "aws_subnet.private",
            "aws_subnet.public",
            "aws_vpc.default",
            "data.aws_ami.ubuntu",
            "tls_private_key.student"
          ]
        }
      ]
    },
    {
      "mode": "managed",
      "type": "aws_instance",
      "name": "public",
      "provider": "provider[\"registry.terraform.io/hashicorp/aws\"]",
      "instances": [
        {
          "schema_version": 1,
          "attributes": {
            "ami": "ami-03e31863b8e1f70a5",
            "arn": "arn:aws:ec2:us-east-1:992382567875:instance/i-030ec80b02ff98789",
            "associate_public_ip_address": true,
            "availability_zone": "us-east-1c",
            "capacity_reservation_specification": [
              {
                "capacity_reservation_preference": "open",
                "capacity_reservation_target": []
              }
            ],
            "cpu_core_count": 1,
            "cpu_options": [
              {
                "amd_sev_snp": "",
                "core_count": 1,
                "threads_per_core": 1
              }
            ],
            "cpu_threads_per_core": 1,
            "credit_specification": [
              {
                "cpu_credits": "standard"
              }
            ],
            "disable_api_stop": false,
            "disable_api_termination": false,
            "ebs_block_device": [],
            "ebs_optimized": false,
            "enclave_options": [
              {
                "enabled": false
              }
            ],
            "ephemeral_block_device": [],
            "get_password_data": false,
            "hibernation": false,
            "host_id": "",
            "host_resource_group_arn": null,
            "iam_instance_profile": "",
            "id": "i-030ec80b02ff98789",
            "instance_initiated_shutdown_behavior": "stop",
            "instance_lifecycle": "",
            "instance_market_options": [],
            "instance_state": "running",
            "instance_type": "t2.micro",
            "ipv6_address_count": 0,
            "ipv6_addresses": [],
            "key_name": "pryimak",
            "launch_template": [],
            "maintenance_options": [
              {
                "auto_recovery": "default"
              }
            ],
            "metadata_options": [
              {
                "http_endpoint": "enabled",
                "http_protocol_ipv6": "disabled",
                "http_put_response_hop_limit": 2,
                "http_tokens": "required",
                "instance_metadata_tags": "disabled"
              }
            ],
            "monitoring": false,
            "network_interface": [],
            "outpost_arn": "",
            "password_data": "",
            "placement_group": "",
            "placement_partition_number": 0,
            "primary_network_interface_id": "eni-041ad4425b96a616d",
            "private_dns": "ip-10-0-52-251.ec2.internal",
            "private_dns_name_options": [
              {
                "enable_resource_name_dns_a_record": false,
                "enable_resource_name_dns_aaaa_record": false,
                "hostname_type": "ip-name"
              }
            ],
            "private_ip": "10.0.52.251",
            "public_dns": "",
            "public_ip": "3.87.92.197",
            "root_block_device": [
              {
                "delete_on_termination": true,
                "device_name": "/dev/sda1",
                "encrypted": false,
                "iops": 100,
                "kms_key_id": "",
                "tags": {},
                "tags_all": {},
                "throughput": 0,
                "volume_id": "vol-00f21b9b68d07f42c",
                "volume_size": 8,
                "volume_type": "gp2"
              }
            ],
            "secondary_private_ips": [],
            "security_groups": [
              "sg-0cc8ccff5eb9bcfd0"
            ],
            "source_dest_check": true,
            "spot_instance_request_id": "",
            "subnet_id": "subnet-0687406403b45745c",
            "tags": {
              "Name": "pryimak-public",
              "homework": "hw",
              "student": "pryimak"
            },
            "tags_all": {
              "Name": "pryimak-public",
              "homework": "hw",
              "student": "pryimak"
            },
            "tenancy": "default",
            "timeouts": null,
            "user_data": null,
            "user_data_base64": null,
            "user_data_replace_on_change": false,
            "volume_tags": null,
            "vpc_security_group_ids": [
              "sg-0cc8ccff5eb9bcfd0"
            ]
          },
          "sensitive_attributes": [],
          "private": "eyJlMmJmYjczMC1lY2FhLTExZTYtOGY4OC0zNDM2M2JjN2M0YzAiOnsiY3JlYXRlIjo2MDAwMDAwMDAwMDAsImRlbGV0ZSI6MTIwMDAwMDAwMDAwMCwicmVhZCI6OTAwMDAwMDAwMDAwLCJ1cGRhdGUiOjYwMDAwMDAwMDAwMH0sInNjaGVtYV92ZXJzaW9uIjoiMSJ9",
          "dependencies": [
            "aws_key_pair.generated_key",
            "aws_security_group.public",
            "aws_subnet.public",
            "aws_vpc.default",
            "data.aws_ami.ubuntu",
            "tls_private_key.student"
          ]
        }
      ]
    },
    {
      "mode": "managed",
      "type": "aws_internet_gateway",
      "name": "ig",
      "provider": "provider[\"registry.terraform.io/hashicorp/aws\"]",
      "instances": [
        {
          "schema_version": 0,
          "attributes": {
            "arn": "arn:aws:ec2:us-east-1:992382567875:internet-gateway/igw-04b7b9b3e2f9fea17",
            "id": "igw-04b7b9b3e2f9fea17",
            "owner_id": "992382567875",
            "tags": {
              "Name": "pryimak-ig",
              "homework": "hw",
              "student": "pryimak"
            },
            "tags_all": {
              "Name": "pryimak-ig",
              "homework": "hw",
              "student": "pryimak"
            },
            "timeouts": null,
            "vpc_id": "vpc-0cbd5469fc1d80350"
          },
          "sensitive_attributes": [],
          "private": "eyJlMmJmYjczMC1lY2FhLTExZTYtOGY4OC0zNDM2M2JjN2M0YzAiOnsiY3JlYXRlIjoxMjAwMDAwMDAwMDAwLCJkZWxldGUiOjEyMDAwMDAwMDAwMDAsInVwZGF0ZSI6MTIwMDAwMDAwMDAwMH19",
          "dependencies": [
            "aws_vpc.default"
          ]
        }
      ]
    },
    {
      "mode": "managed",
      "type": "aws_key_pair",
      "name": "generated_key",
      "provider": "provider[\"registry.terraform.io/hashicorp/aws\"]",
      "instances": [
        {
          "schema_version": 1,
          "attributes": {
            "arn": "arn:aws:ec2:us-east-1:992382567875:key-pair/pryimak",
            "fingerprint": "d5:1a:56:ef:04:53:1d:96:ec:b5:2d:39:7b:3b:f2:ad",
            "id": "pryimak",
            "key_name": "pryimak",
            "key_name_prefix": "",
            "key_pair_id": "key-0901729ff7b0df1af",
            "key_type": "rsa",
            "public_key": "ssh-rsa AAAAB3NzaC1yc2EAAAADAQABAAACAQDg9whOnlMldPU8hMeTt2sDADsoGDCK/xQCcWiPQ+rwNOelfKNleCCZ52j0eNBczWck3kc+Ud1I4g7PnqzBtsu4CwYnFQBme+tjD43czomHWIC3iAa5ZSK7FRghnMaiH4keu8MpBNtPG6qeqOXurZL3A1CUie1ZyUkw+zYRyVOAn3MumjgvHxovMcbjdcJnfbymjRG1umV2QbNYfdAhjOVQ2x2ZEo7DHYUS8BL8s4K3V9kZpqb57e4i8mxxTJ1lVcSGBI8XYmfigf4l3dErYevBFybarMMKVMuXbPzNq/u7uH69+XVXlpIyZtyo7ZR1HjKM9kOR5NkgacrRjAXIiv04QfIDdEXnZ5HIEMzuRo232u3eXPao0Thtot9Mtb3rEdXqnLbegRHxf5MjQzxNsEl8vds9xzFA5+4ciL5eiI7FEmKyVELK8KnhIhGcdChKHGVvARwED9+w31oBQ8RP/LniXXGecRjj5z+B12wVCVnmnWxbYQ9IeSD57GwUYpF4EqCBy84mGFVnc/2OCV50HJK88bnzitsVMWd+TT1f+Rl3GQwZWCLtYZSg5pxztTytpMoGow941+A5MI9AaGf8/m530ubasbTDmC0M+tdSNXLsF/bk5a7ozunwbqUIWi1wTYlO1k5wyCWweFmPSSF3JHDAOr4NU2lPWZ38KnAL5QGnkQ==",
            "tags": null,
            "tags_all": {}
          },
          "sensitive_attributes": [],
          "private": "eyJzY2hlbWFfdmVyc2lvbiI6IjEifQ==",
          "dependencies": [
            "tls_private_key.student"
          ]
        }
      ]
    },
    {
      "mode": "managed",
      "type": "aws_nat_gateway",
      "name": "nat",
      "provider": "provider[\"registry.terraform.io/hashicorp/aws\"]",
      "instances": [
        {
          "schema_version": 0,
          "attributes": {
            "allocation_id": "eipalloc-0e11aecb0deb27523",
            "association_id": "eipassoc-05a34228a4b0f686d",
            "connectivity_type": "public",
            "id": "nat-0b17e48f7347e9e34",
            "network_interface_id": "eni-0f08f7f0c4523c7cc",
            "private_ip": "10.0.52.220",
            "public_ip": "44.198.236.207",
            "secondary_allocation_ids": null,
            "secondary_private_ip_address_count": 0,
            "secondary_private_ip_addresses": [],
            "subnet_id": "subnet-0687406403b45745c",
            "tags": {
              "Name": "pryimak-nat",
              "homework": "hw",
              "student": "pryimak"
            },
            "tags_all": {
              "Name": "pryimak-nat",
              "homework": "hw",
              "student": "pryimak"
            },
            "timeouts": null
          },
          "sensitive_attributes": [],
          "private": "eyJlMmJmYjczMC1lY2FhLTExZTYtOGY4OC0zNDM2M2JjN2M0YzAiOnsiY3JlYXRlIjo2MDAwMDAwMDAwMDAsImRlbGV0ZSI6MTgwMDAwMDAwMDAwMCwidXBkYXRlIjo2MDAwMDAwMDAwMDB9fQ==",
          "dependencies": [
            "aws_eip.nat",
            "aws_internet_gateway.ig",
            "aws_subnet.public",
            "aws_vpc.default"
          ]
        }
      ]
    },
    {
      "mode": "managed",
      "type": "aws_route",
      "name": "private_nat_gateway",
      "provider": "provider[\"registry.terraform.io/hashicorp/aws\"]",
      "instances": [
        {
          "schema_version": 0,
          "attributes": {
            "carrier_gateway_id": "",
            "core_network_arn": "",
            "destination_cidr_block": "0.0.0.0/0",
            "destination_ipv6_cidr_block": "",
            "destination_prefix_list_id": "",
            "egress_only_gateway_id": "",
            "gateway_id": "",
            "id": "r-rtb-0d57f881605aafca51080289494",
            "instance_id": "",
            "instance_owner_id": "",
            "local_gateway_id": "",
            "nat_gateway_id": "nat-0b17e48f7347e9e34",
            "network_interface_id": "",
            "origin": "CreateRoute",
            "route_table_id": "rtb-0d57f881605aafca5",
            "state": "active",
            "timeouts": null,
            "transit_gateway_id": "",
            "vpc_endpoint_id": "",
            "vpc_peering_connection_id": ""
          },
          "sensitive_attributes": [],
          "private": "eyJlMmJmYjczMC1lY2FhLTExZTYtOGY4OC0zNDM2M2JjN2M0YzAiOnsiY3JlYXRlIjozMDAwMDAwMDAwMDAsImRlbGV0ZSI6MzAwMDAwMDAwMDAwLCJ1cGRhdGUiOjEyMDAwMDAwMDAwMH19",
          "dependencies": [
            "aws_eip.nat",
            "aws_internet_gateway.ig",
            "aws_nat_gateway.nat",
            "aws_route_table.private",
            "aws_subnet.public",
            "aws_vpc.default"
          ]
        }
      ]
    },
    {
      "mode": "managed",
      "type": "aws_route",
      "name": "public_internet_gateway",
      "provider": "provider[\"registry.terraform.io/hashicorp/aws\"]",
      "instances": [
        {
          "schema_version": 0,
          "attributes": {
            "carrier_gateway_id": "",
            "core_network_arn": "",
            "destination_cidr_block": "0.0.0.0/0",
            "destination_ipv6_cidr_block": "",
            "destination_prefix_list_id": "",
            "egress_only_gateway_id": "",
            "gateway_id": "igw-04b7b9b3e2f9fea17",
            "id": "r-rtb-07d1c11f528901bd91080289494",
            "instance_id": "",
            "instance_owner_id": "",
            "local_gateway_id": "",
            "nat_gateway_id": "",
            "network_interface_id": "",
            "origin": "CreateRoute",
            "route_table_id": "rtb-07d1c11f528901bd9",
            "state": "active",
            "timeouts": null,
            "transit_gateway_id": "",
            "vpc_endpoint_id": "",
            "vpc_peering_connection_id": ""
          },
          "sensitive_attributes": [],
          "private": "eyJlMmJmYjczMC1lY2FhLTExZTYtOGY4OC0zNDM2M2JjN2M0YzAiOnsiY3JlYXRlIjozMDAwMDAwMDAwMDAsImRlbGV0ZSI6MzAwMDAwMDAwMDAwLCJ1cGRhdGUiOjEyMDAwMDAwMDAwMH19",
          "dependencies": [
            "aws_internet_gateway.ig",
            "aws_route_table.public",
            "aws_vpc.default"
          ]
        }
      ]
    },
    {
      "mode": "managed",
      "type": "aws_route_table",
      "name": "private",
      "provider": "provider[\"registry.terraform.io/hashicorp/aws\"]",
      "instances": [
        {
          "schema_version": 0,
          "attributes": {
            "arn": "arn:aws:ec2:us-east-1:992382567875:route-table/rtb-0d57f881605aafca5",
            "id": "rtb-0d57f881605aafca5",
            "owner_id": "992382567875",
            "propagating_vgws": [],
            "route": [],
            "tags": {
              "Name": "pryimak-private",
              "homework": "hw",
              "student": "pryimak"
            },
            "tags_all": {
              "Name": "pryimak-private",
              "homework": "hw",
              "student": "pryimak"
            },
            "timeouts": null,
            "vpc_id": "vpc-0cbd5469fc1d80350"
          },
          "sensitive_attributes": [],
          "private": "eyJlMmJmYjczMC1lY2FhLTExZTYtOGY4OC0zNDM2M2JjN2M0YzAiOnsiY3JlYXRlIjozMDAwMDAwMDAwMDAsImRlbGV0ZSI6MzAwMDAwMDAwMDAwLCJ1cGRhdGUiOjEyMDAwMDAwMDAwMH19",
          "dependencies": [
            "aws_vpc.default"
          ]
        }
      ]
    },
    {
      "mode": "managed",
      "type": "aws_route_table",
      "name": "public",
      "provider": "provider[\"registry.terraform.io/hashicorp/aws\"]",
      "instances": [
        {
          "schema_version": 0,
          "attributes": {
            "arn": "arn:aws:ec2:us-east-1:992382567875:route-table/rtb-07d1c11f528901bd9",
            "id": "rtb-07d1c11f528901bd9",
            "owner_id": "992382567875",
            "propagating_vgws": [],
            "route": [],
            "tags": {
              "Name": "pryimak-public",
              "homework": "hw",
              "student": "pryimak"
            },
            "tags_all": {
              "Name": "pryimak-public",
              "homework": "hw",
              "student": "pryimak"
            },
            "timeouts": null,
            "vpc_id": "vpc-0cbd5469fc1d80350"
          },
          "sensitive_attributes": [],
          "private": "eyJlMmJmYjczMC1lY2FhLTExZTYtOGY4OC0zNDM2M2JjN2M0YzAiOnsiY3JlYXRlIjozMDAwMDAwMDAwMDAsImRlbGV0ZSI6MzAwMDAwMDAwMDAwLCJ1cGRhdGUiOjEyMDAwMDAwMDAwMH19",
          "dependencies": [
            "aws_vpc.default"
          ]
        }
      ]
    },
    {
      "mode": "managed",
      "type": "aws_route_table_association",
      "name": "private",
      "provider": "provider[\"registry.terraform.io/hashicorp/aws\"]",
      "instances": [
        {
          "schema_version": 0,
          "attributes": {
            "gateway_id": "",
            "id": "rtbassoc-00b00ab607870daf8",
            "route_table_id": "rtb-0d57f881605aafca5",
            "subnet_id": "subnet-0569e7a8a9727b854",
            "timeouts": null
          },
          "sensitive_attributes": [],
          "private": "eyJlMmJmYjczMC1lY2FhLTExZTYtOGY4OC0zNDM2M2JjN2M0YzAiOnsiY3JlYXRlIjozMDAwMDAwMDAwMDAsImRlbGV0ZSI6MzAwMDAwMDAwMDAwLCJ1cGRhdGUiOjEyMDAwMDAwMDAwMH19",
          "dependencies": [
            "aws_route_table.private",
            "aws_subnet.private",
            "aws_vpc.default"
          ]
        }
      ]
    },
    {
      "mode": "managed",
      "type": "aws_route_table_association",
      "name": "public",
      "provider": "provider[\"registry.terraform.io/hashicorp/aws\"]",
      "instances": [
        {
          "schema_version": 0,
          "attributes": {
            "gateway_id": "",
            "id": "rtbassoc-054267ad3afe0826e",
            "route_table_id": "rtb-07d1c11f528901bd9",
            "subnet_id": "subnet-0687406403b45745c",
            "timeouts": null
          },
          "sensitive_attributes": [],
          "private": "eyJlMmJmYjczMC1lY2FhLTExZTYtOGY4OC0zNDM2M2JjN2M0YzAiOnsiY3JlYXRlIjozMDAwMDAwMDAwMDAsImRlbGV0ZSI6MzAwMDAwMDAwMDAwLCJ1cGRhdGUiOjEyMDAwMDAwMDAwMH19",
          "dependencies": [
            "aws_route_table.public",
            "aws_subnet.public",
            "aws_vpc.default"
          ]
        }
      ]
    },
    {
      "mode": "managed",
      "type": "aws_security_group",
      "name": "private",
      "provider": "provider[\"registry.terraform.io/hashicorp/aws\"]",
      "instances": [
        {
          "schema_version": 1,
          "attributes": {
            "arn": "arn:aws:ec2:us-east-1:992382567875:security-group/sg-0ed10efc0a02c927d",
            "description": "Private security group",
            "egress": [
              {
                "cidr_blocks": [
                  "0.0.0.0/0"
                ],
                "description": "",
                "from_port": 0,
                "ipv6_cidr_blocks": [],
                "prefix_list_ids": [],
                "protocol": "-1",
                "security_groups": [],
                "self": false,
                "to_port": 0
              }
            ],
            "id": "sg-0ed10efc0a02c927d",
            "ingress": [
              {
                "cidr_blocks": [
                  "10.0.52.0/24"
                ],
                "description": "",
                "from_port": 0,
                "ipv6_cidr_blocks": [],
                "prefix_list_ids": [],
                "protocol": "-1",
                "security_groups": [],
                "self": false,
                "to_port": 0
              }
            ],
            "name": "pryimak-private-sg",
            "name_prefix": "",
            "owner_id": "992382567875",
            "revoke_rules_on_delete": false,
            "tags": {
              "Name": "pryimak-private-sg",
              "homework": "hw",
              "student": "pryimak"
            },
            "tags_all": {
              "Name": "pryimak-private-sg",
              "homework": "hw",
              "student": "pryimak"
            },
            "timeouts": null,
            "vpc_id": "vpc-0cbd5469fc1d80350"
          },
          "sensitive_attributes": [],
          "private": "eyJlMmJmYjczMC1lY2FhLTExZTYtOGY4OC0zNDM2M2JjN2M0YzAiOnsiY3JlYXRlIjo2MDAwMDAwMDAwMDAsImRlbGV0ZSI6OTAwMDAwMDAwMDAwfSwic2NoZW1hX3ZlcnNpb24iOiIxIn0=",
          "dependencies": [
            "aws_subnet.public",
            "aws_vpc.default"
          ]
        }
      ]
    },
    {
      "mode": "managed",
      "type": "aws_security_group",
      "name": "public",
      "provider": "provider[\"registry.terraform.io/hashicorp/aws\"]",
      "instances": [
        {
          "schema_version": 1,
          "attributes": {
            "arn": "arn:aws:ec2:us-east-1:992382567875:security-group/sg-0cc8ccff5eb9bcfd0",
            "description": "Public security group",
            "egress": [
              {
                "cidr_blocks": [
                  "0.0.0.0/0"
                ],
                "description": "",
                "from_port": 0,
                "ipv6_cidr_blocks": [],
                "prefix_list_ids": [],
                "protocol": "-1",
                "security_groups": [],
                "self": false,
                "to_port": 0
              }
            ],
            "id": "sg-0cc8ccff5eb9bcfd0",
            "ingress": [
              {
                "cidr_blocks": [
                  "0.0.0.0/0"
                ],
                "description": "",
                "from_port": 0,
                "ipv6_cidr_blocks": [],
                "prefix_list_ids": [],
                "protocol": "-1",
                "security_groups": [],
                "self": false,
                "to_port": 0
              }
            ],
            "name": "pryimak-public-sg",
            "name_prefix": "",
            "owner_id": "992382567875",
            "revoke_rules_on_delete": false,
            "tags": {
              "Name": "pryimak-public-sg",
              "homework": "hw",
              "student": "pryimak"
            },
            "tags_all": {
              "Name": "pryimak-public-sg",
              "homework": "hw",
              "student": "pryimak"
            },
            "timeouts": null,
            "vpc_id": "vpc-0cbd5469fc1d80350"
          },
          "sensitive_attributes": [],
          "private": "eyJlMmJmYjczMC1lY2FhLTExZTYtOGY4OC0zNDM2M2JjN2M0YzAiOnsiY3JlYXRlIjo2MDAwMDAwMDAwMDAsImRlbGV0ZSI6OTAwMDAwMDAwMDAwfSwic2NoZW1hX3ZlcnNpb24iOiIxIn0=",
          "dependencies": [
            "aws_vpc.default"
          ]
        }
      ]
    },
    {
      "mode": "managed",
      "type": "aws_subnet",
      "name": "private",
      "provider": "provider[\"registry.terraform.io/hashicorp/aws\"]",
      "instances": [
        {
          "schema_version": 1,
          "attributes": {
            "arn": "arn:aws:ec2:us-east-1:992382567875:subnet/subnet-0569e7a8a9727b854",
            "assign_ipv6_address_on_creation": false,
            "availability_zone": "us-east-1c",
            "availability_zone_id": "use1-az4",
            "cidr_block": "10.0.66.0/24",
            "customer_owned_ipv4_pool": "",
            "enable_dns64": false,
            "enable_lni_at_device_index": 0,
            "enable_resource_name_dns_a_record_on_launch": false,
            "enable_resource_name_dns_aaaa_record_on_launch": false,
            "id": "subnet-0569e7a8a9727b854",
            "ipv6_cidr_block": "",
            "ipv6_cidr_block_association_id": "",
            "ipv6_native": false,
            "map_customer_owned_ip_on_launch": false,
            "map_public_ip_on_launch": false,
            "outpost_arn": "",
            "owner_id": "992382567875",
            "private_dns_hostname_type_on_launch": "ip-name",
            "tags": {
              "Name": "pryimak-private",
              "homework": "hw",
              "student": "pryimak"
            },
            "tags_all": {
              "Name": "pryimak-private",
              "homework": "hw",
              "student": "pryimak"
            },
            "timeouts": null,
            "vpc_id": "vpc-0cbd5469fc1d80350"
          },
          "sensitive_attributes": [],
          "private": "eyJlMmJmYjczMC1lY2FhLTExZTYtOGY4OC0zNDM2M2JjN2M0YzAiOnsiY3JlYXRlIjo2MDAwMDAwMDAwMDAsImRlbGV0ZSI6MTIwMDAwMDAwMDAwMH0sInNjaGVtYV92ZXJzaW9uIjoiMSJ9",
          "dependencies": [
            "aws_vpc.default"
          ]
        }
      ]
    },
    {
      "mode": "managed",
      "type": "aws_subnet",
      "name": "public",
      "provider": "provider[\"registry.terraform.io/hashicorp/aws\"]",
      "instances": [
        {
          "schema_version": 1,
          "attributes": {
            "arn": "arn:aws:ec2:us-east-1:992382567875:subnet/subnet-0687406403b45745c",
            "assign_ipv6_address_on_creation": false,
            "availability_zone": "us-east-1c",
            "availability_zone_id": "use1-az4",
            "cidr_block": "10.0.52.0/24",
            "customer_owned_ipv4_pool": "",
            "enable_dns64": false,
            "enable_lni_at_device_index": 0,
            "enable_resource_name_dns_a_record_on_launch": false,
            "enable_resource_name_dns_aaaa_record_on_launch": false,
            "id": "subnet-0687406403b45745c",
            "ipv6_cidr_block": "",
            "ipv6_cidr_block_association_id": "",
            "ipv6_native": false,
            "map_customer_owned_ip_on_launch": false,
            "map_public_ip_on_launch": true,
            "outpost_arn": "",
            "owner_id": "992382567875",
            "private_dns_hostname_type_on_launch": "ip-name",
            "tags": {
              "Name": "pryimak-public",
              "homework": "hw",
              "student": "pryimak"
            },
            "tags_all": {
              "Name": "pryimak-public",
              "homework": "hw",
              "student": "pryimak"
            },
            "timeouts": null,
            "vpc_id": "vpc-0cbd5469fc1d80350"
          },
          "sensitive_attributes": [],
          "private": "eyJlMmJmYjczMC1lY2FhLTExZTYtOGY4OC0zNDM2M2JjN2M0YzAiOnsiY3JlYXRlIjo2MDAwMDAwMDAwMDAsImRlbGV0ZSI6MTIwMDAwMDAwMDAwMH0sInNjaGVtYV92ZXJzaW9uIjoiMSJ9",
          "dependencies": [
            "aws_vpc.default"
          ]
        }
      ]
    },
    {
      "mode": "managed",
      "type": "aws_vpc",
      "name": "default",
      "provider": "provider[\"registry.terraform.io/hashicorp/aws\"]",
      "instances": [
        {
          "schema_version": 1,
          "attributes": {
            "arn": "arn:aws:ec2:us-east-1:992382567875:vpc/vpc-0cbd5469fc1d80350",
            "assign_generated_ipv6_cidr_block": false,
            "cidr_block": "10.0.0.0/16",
            "default_network_acl_id": "acl-0a712d2e8ca0ae91a",
            "default_route_table_id": "rtb-04b13c11fa91be378",
            "default_security_group_id": "sg-09d06739862f45999",
            "dhcp_options_id": "dopt-014e0f91e84e84975",
            "enable_dns_hostnames": false,
            "enable_dns_support": true,
            "enable_network_address_usage_metrics": false,
            "id": "vpc-0cbd5469fc1d80350",
            "instance_tenancy": "default",
            "ipv4_ipam_pool_id": null,
            "ipv4_netmask_length": null,
            "ipv6_association_id": "",
            "ipv6_cidr_block": "",
            "ipv6_cidr_block_network_border_group": "",
            "ipv6_ipam_pool_id": "",
            "ipv6_netmask_length": 0,
            "main_route_table_id": "rtb-04b13c11fa91be378",
            "owner_id": "992382567875",
            "tags": {
              "Name": "pryimak-vpc",
              "homework": "hw",
              "student": "pryimak"
            },
            "tags_all": {
              "Name": "pryimak-vpc",
              "homework": "hw",
              "student": "pryimak"
            }
          },
          "sensitive_attributes": [],
          "private": "eyJzY2hlbWFfdmVyc2lvbiI6IjEifQ=="
        }
      ]
    },
    {
      "mode": "managed",
      "type": "tls_private_key",
      "name": "student",
      "provider": "provider[\"registry.terraform.io/hashicorp/tls\"]",
      "instances": [
        {
          "schema_version": 1,
          "attributes": {
            "algorithm": "RSA",
            "ecdsa_curve": "P224",
            "id": "131d571d04e3e72a49e0ff756f5946d0b2582fcd",
            "private_key_openssh": "-----BEGIN OPENSSH PRIVATE KEY-----\nb3BlbnNzaC1rZXktdjEAAAAABG5vbmUAAAAEbm9uZQAAAAAAAAABAAACFwAAAAdz\nc2gtcnNhAAAAAwEAAQAAAgEA4PcITp5TJXT1PITHk7drAwA7KBgwiv8UAnFoj0Pq\n8DTnpXyjZXggmedo9HjQXM1nJN5HPlHdSOIOz56swbbLuAsGJxUAZnvrYw+N3M6J\nh1iAt4gGuWUiuxUYIZzGoh+JHrvDKQTbTxuqnqjl7q2S9wNQlIntWclJMPs2EclT\ngJ9zLpo4Lx8aLzHG43XCZ328po0RtbpldkGzWH3QIYzlUNsdmRKOwx2FEvAS/LOC\nt1fZGaam+e3uIvJscUydZVXEhgSPF2Jn4oH+Jd3RK2HrwRcm2qzDClTLl2z8zav7\nu7h+vfl1V5aSMmbcqO2UdR4yjPZDkeTZIGnK0YwFyIr9OEHyA3RF52eRyBDM7kaN\nt9rt3lz2qNE4baLfTLW96xHV6py23oER8X+TI0M8TbBJfL3bPccxQOfuHIi+XoiO\nxRJislRCyvCp4SIRnHQoShxlbwEcBA/fsN9aAUPET/y54l1xnnEY4+c/gddsFQlZ\n5p1sW2EPSHkg+exsFGKReBKggcvOJhhVZ3P9jgledBySvPG584rbFTFnfk09X/kZ\ndxkMGVgi7WGUoOacc7U8raTKBqMPeNfgOTCPQGhn/P5ud9Lm2rG0w5gtDPrXUjVy\n7Bf25OWu6M7p8G6lCFotcE2JTtZOcMglsHhZj0khdyRwwDq+DVNpT1md/CpwC+UB\np5EAAAc4Wa+tRVmvrUUAAAAHc3NoLXJzYQAAAgEA4PcITp5TJXT1PITHk7drAwA7\nKBgwiv8UAnFoj0Pq8DTnpXyjZXggmedo9HjQXM1nJN5HPlHdSOIOz56swbbLuAsG\nJxUAZnvrYw+N3M6Jh1iAt4gGuWUiuxUYIZzGoh+JHrvDKQTbTxuqnqjl7q2S9wNQ\nlIntWclJMPs2EclTgJ9zLpo4Lx8aLzHG43XCZ328po0RtbpldkGzWH3QIYzlUNsd\nmRKOwx2FEvAS/LOCt1fZGaam+e3uIvJscUydZVXEhgSPF2Jn4oH+Jd3RK2HrwRcm\n2qzDClTLl2z8zav7u7h+vfl1V5aSMmbcqO2UdR4yjPZDkeTZIGnK0YwFyIr9OEHy\nA3RF52eRyBDM7kaNt9rt3lz2qNE4baLfTLW96xHV6py23oER8X+TI0M8TbBJfL3b\nPccxQOfuHIi+XoiOxRJislRCyvCp4SIRnHQoShxlbwEcBA/fsN9aAUPET/y54l1x\nnnEY4+c/gddsFQlZ5p1sW2EPSHkg+exsFGKReBKggcvOJhhVZ3P9jgledBySvPG5\n84rbFTFnfk09X/kZdxkMGVgi7WGUoOacc7U8raTKBqMPeNfgOTCPQGhn/P5ud9Lm\n2rG0w5gtDPrXUjVy7Bf25OWu6M7p8G6lCFotcE2JTtZOcMglsHhZj0khdyRwwDq+\nDVNpT1md/CpwC+UBp5EAAAADAQABAAACADM2KS70fcsOF/Gh7GjlHTg+qjjTYOGT\ndbOkq3/Jn0b1VDJo8C1eLlW6xzq38f7eR3euHhvCuRQpWePLpFooybFo2Qq2jjPG\nS+xuEwZMAiTMcejVz2oO6twZzjeAn/syIJ3dcmz5DQ+yJaIeotE1tDoFCCf4Sg7h\ncoby+PkNkrO6GJdoRhf8BZLuyu7m1M2IYxSrEngDKavFAxXG9kVc9Kr2ZoN9JQCn\nzK5l9nyORNiF6Acd1+8XSdmsxCD6pu31m1pC2WwiW7HFk9x85Wvxy6BWK+Ml5vSI\nHxymk9oiJ5kxQ7Dtg9ffkAJnRh4yj1Ql/q32NaWVqhPl4WTYckyXz1K83xx/MpkP\nEMV0rPvIbII2u8GL7+2KUxBncnsjId9KphVKwmy1SAEVqgmon+Zvm9hoc+jPf325\nDehFGdHEQuICc7umukb7L0maOHOwmdzsrUgZ81xWYWLCVD9DN3TQdcN5UrjTnMxj\nRX0qEzcsiz88D8e37Ouo6MlFOHcp6jZ0vpkEQXv9rPnGhuC1hArXecO4dgxab1N+\n+/AaOLTluFL8ILjEYVCii+2XGN8xcOnrtkdyGR/XG2fZWvS/PdNxSUuzUCEfHJ1k\nKmEOz3sYVvcOf3ZaO1oS+xoLzhoM9FWu278N2ss4eL05UlTg6TyeLh9xiA8PGF/B\nK7bIdCe8/DLtAAABAQCH0geEFi1+6omXPC+Qd3vWNwpKDtba7YjQf3uT17926khc\n+TLm7JSnIseD3DWe+fyd5PLz9k8HLWhYpT4SVD8URlqLmMf9p/qOqDCn5rFyqzDb\nYwR3FxycjO2n2217ofmqii6yKFkce5pkK+CV++evkgcI1C+qvrLgpWRAazfJhDNy\nyUJ20cHHUm8EompZZuVrLj5Qnu8tel+TPR74eLYse9ZEiR29rhJY5jeiwUkYdWm+\nlsw38v21STFsNG3guyLi22S4cbeL00o4EZnLxKDY5r0RGZNZQhqWu1Pgs+Amg824\nzAspjq5mtbCagDDxywgO8+EwhZd99ZbON/j/0vQyAAABAQDmlTzYMiYpYSfJm+sa\nl8hfyi/6cwbgzSzilHEVCC7kPKU5U2f+uP6tl7RFO67QSho02xdFLKe0dqutqK1z\nGUPp4GWnh2gDs6hrZjskFGFDVO06VzXOO7c3lYSDc/ffo4Ru7a1lvmhNqt5aqRkv\n7ntP7dfKkhwl+Ru3zC7Hd3/dor9g+x3CUctnU2T4nvyULVSl6djL6jT8izb3BaFz\n5oOzz/wsWqET0r8UO13GbbUkLKhbL3A7z/WVh9QO1kjUBxHhzrChfNVssnQZj8sA\nqVlwausgIan38llQ2QBj0GlIz/Rt5OytxwMaWgru1BHQEbsPk1BpDnXre86rZS/Z\n5RXbAAABAQD5w0McyaOqgKXzPZCtfc8qdO0BJN7eGX5PXm07NlqnGPRhuptshpYH\nPhvyZKQrIiqkYaUryYPc1eFVxbtGa6rmsLJRlTZAgYZMn7acZJnR588O3UUbOb1L\nMV7IeCc+y6gGMSDLAy0YRSHJmDftoEYPyfwIwlUUxiAY5k/rJKutWIlQRTB4CqeA\n1ts9ug47+akexg1jOtVs06ViYxHJhg72dZCvlPCfs1zsIKFY1YlZx5yhm88n/l4e\n76N/Hv/EiJFCNZ6SMBAQMxLCau3xMh4rRSCbxhsxr3yA/hZbqlqDLlAIh0lCVagZ\nJTZtlmHsxIHEt5a3VTB4WjiLQsuwKxIDAAAAAAEC\n-----END OPENSSH PRIVATE KEY-----\n",
            "private_key_pem": "-----BEGIN RSA PRIVATE KEY-----\nMIIJKQIBAAKCAgEA4PcITp5TJXT1PITHk7drAwA7KBgwiv8UAnFoj0Pq8DTnpXyj\nZXggmedo9HjQXM1nJN5HPlHdSOIOz56swbbLuAsGJxUAZnvrYw+N3M6Jh1iAt4gG\nuWUiuxUYIZzGoh+JHrvDKQTbTxuqnqjl7q2S9wNQlIntWclJMPs2EclTgJ9zLpo4\nLx8aLzHG43XCZ328po0RtbpldkGzWH3QIYzlUNsdmRKOwx2FEvAS/LOCt1fZGaam\n+e3uIvJscUydZVXEhgSPF2Jn4oH+Jd3RK2HrwRcm2qzDClTLl2z8zav7u7h+vfl1\nV5aSMmbcqO2UdR4yjPZDkeTZIGnK0YwFyIr9OEHyA3RF52eRyBDM7kaNt9rt3lz2\nqNE4baLfTLW96xHV6py23oER8X+TI0M8TbBJfL3bPccxQOfuHIi+XoiOxRJislRC\nyvCp4SIRnHQoShxlbwEcBA/fsN9aAUPET/y54l1xnnEY4+c/gddsFQlZ5p1sW2EP\nSHkg+exsFGKReBKggcvOJhhVZ3P9jgledBySvPG584rbFTFnfk09X/kZdxkMGVgi\n7WGUoOacc7U8raTKBqMPeNfgOTCPQGhn/P5ud9Lm2rG0w5gtDPrXUjVy7Bf25OWu\n6M7p8G6lCFotcE2JTtZOcMglsHhZj0khdyRwwDq+DVNpT1md/CpwC+UBp5ECAwEA\nAQKCAgAzNiku9H3LDhfxoexo5R04Pqo402Dhk3WzpKt/yZ9G9VQyaPAtXi5Vusc6\nt/H+3kd3rh4bwrkUKVnjy6RaKMmxaNkKto4zxkvsbhMGTAIkzHHo1c9qDurcGc43\ngJ/7MiCd3XJs+Q0PsiWiHqLRNbQ6BQgn+EoO4XKG8vj5DZKzuhiXaEYX/AWS7sru\n5tTNiGMUqxJ4AymrxQMVxvZFXPSq9maDfSUAp8yuZfZ8jkTYhegHHdfvF0nZrMQg\n+qbt9ZtaQtlsIluxxZPcfOVr8cugVivjJeb0iB8cppPaIieZMUOw7YPX35ACZ0Ye\nMo9UJf6t9jWllaoT5eFk2HJMl89SvN8cfzKZDxDFdKz7yGyCNrvBi+/tilMQZ3J7\nIyHfSqYVSsJstUgBFaoJqJ/mb5vYaHPoz399uQ3oRRnRxELiAnO7prpG+y9Jmjhz\nsJnc7K1IGfNcVmFiwlQ/Qzd00HXDeVK405zMY0V9KhM3LIs/PA/Ht+zrqOjJRTh3\nKeo2dL6ZBEF7/az5xobgtYQK13nDuHYMWm9TfvvwGji05bhS/CC4xGFQoovtlxjf\nMXDp67ZHchkf1xtn2Vr0vz3TcUlLs1AhHxydZCphDs97GFb3Dn92WjtaEvsaC84a\nDPRVrtu/DdrLOHi9OVJU4Ok8ni4fcYgPDxhfwSu2yHQnvPwy7QKCAQEA5pU82DIm\nKWEnyZvrGpfIX8ov+nMG4M0s4pRxFQgu5DylOVNn/rj+rZe0RTuu0EoaNNsXRSyn\ntHarraitcxlD6eBlp4doA7Ooa2Y7JBRhQ1TtOlc1zju3N5WEg3P336OEbu2tZb5o\nTareWqkZL+57T+3XypIcJfkbt8wux3d/3aK/YPsdwlHLZ1Nk+J78lC1UpenYy+o0\n/Is29wWhc+aDs8/8LFqhE9K/FDtdxm21JCyoWy9wO8/1lYfUDtZI1AcR4c6woXzV\nbLJ0GY/LAKlZcGrrICGp9/JZUNkAY9BpSM/0beTsrccDGloK7tQR0BG7D5NQaQ51\n63vOq2Uv2eUV2wKCAQEA+cNDHMmjqoCl8z2QrX3PKnTtASTe3hl+T15tOzZapxj0\nYbqbbIaWBz4b8mSkKyIqpGGlK8mD3NXhVcW7Rmuq5rCyUZU2QIGGTJ+2nGSZ0efP\nDt1FGzm9SzFeyHgnPsuoBjEgywMtGEUhyZg37aBGD8n8CMJVFMYgGOZP6ySrrViJ\nUEUweAqngNbbPboOO/mpHsYNYzrVbNOlYmMRyYYO9nWQr5Twn7Nc7CChWNWJWcec\noZvPJ/5eHu+jfx7/xIiRQjWekjAQEDMSwmrt8TIeK0Ugm8YbMa98gP4WW6pagy5Q\nCIdJQlWoGSU2bZZh7MSBxLeWt1UweFo4i0LLsCsSAwKCAQEAgGcUtdPfWmWm8Wcp\nGeryAx2lcBND/kVjPF2rRyoCasi2vWCL5dYAxIxZL8CXjZfmVg63O6ctUJpQ6ein\nhhPItOFn2k3WB1GxdPU9886Bhyww2q8b4FdypLpXS5h1rQzyv48NYz4P+UgwgE3w\nH7fu5UiuRTjuAdthqw1B84PBKZvqdMgB/2brHQPck3J9dspze9zoBE3M6eFgX1i8\nWr1AFA66/7wMPOy7yTlx9AC9wYI40mZtWnFo8bbsyMJdVe0F8TfXNmY8t0X8zws6\n4YhsrORtQLxeWRuUzye4Rt0U9B4RoGy9u9u6B5+ivPJNZQ+qmnbPbWFHGzYblWhI\nqE8gxwKCAQAaQgcKPcCxKjlIK07Mjo97HTPVjPTJUNDQs1K0iPBa5Oq8Y4v3iua2\n+Daj8yS3TC5DfeiJg/QTAYFhLRqVOriK7ESzAwbjHTrrT1c5dfId+Urxex3K0PUv\ntI8McGVf2rVdgUi7TygshwgYU6J9nv3+pvOSUCv1tSamt3/rbr2FyesVv1BrLmOR\nzgTapnbco1C+ZX/+0K6jdFTM1TGHiEqGarG9Y+EwSQEZ6gxMdJauE6hJ7UGIKNvo\nULVVpgKpvNnYph53rAnkShpMykUduHEnh2r4NYmiXZqvTQc4t94wMGxFmUOAb9Tu\nX9UrDEZbSAWEkvCLca9Y19NeALW9XanVAoIBAQCH0geEFi1+6omXPC+Qd3vWNwpK\nDtba7YjQf3uT17926khc+TLm7JSnIseD3DWe+fyd5PLz9k8HLWhYpT4SVD8URlqL\nmMf9p/qOqDCn5rFyqzDbYwR3FxycjO2n2217ofmqii6yKFkce5pkK+CV++evkgcI\n1C+qvrLgpWRAazfJhDNyyUJ20cHHUm8EompZZuVrLj5Qnu8tel+TPR74eLYse9ZE\niR29rhJY5jeiwUkYdWm+lsw38v21STFsNG3guyLi22S4cbeL00o4EZnLxKDY5r0R\nGZNZQhqWu1Pgs+Amg824zAspjq5mtbCagDDxywgO8+EwhZd99ZbON/j/0vQy\n-----END RSA PRIVATE KEY-----\n",
            "private_key_pem_pkcs8": "-----BEGIN PRIVATE KEY-----\nMIIJQwIBADANBgkqhkiG9w0BAQEFAASCCS0wggkpAgEAAoICAQDg9whOnlMldPU8\nhMeTt2sDADsoGDCK/xQCcWiPQ+rwNOelfKNleCCZ52j0eNBczWck3kc+Ud1I4g7P\nnqzBtsu4CwYnFQBme+tjD43czomHWIC3iAa5ZSK7FRghnMaiH4keu8MpBNtPG6qe\nqOXurZL3A1CUie1ZyUkw+zYRyVOAn3MumjgvHxovMcbjdcJnfbymjRG1umV2QbNY\nfdAhjOVQ2x2ZEo7DHYUS8BL8s4K3V9kZpqb57e4i8mxxTJ1lVcSGBI8XYmfigf4l\n3dErYevBFybarMMKVMuXbPzNq/u7uH69+XVXlpIyZtyo7ZR1HjKM9kOR5NkgacrR\njAXIiv04QfIDdEXnZ5HIEMzuRo232u3eXPao0Thtot9Mtb3rEdXqnLbegRHxf5Mj\nQzxNsEl8vds9xzFA5+4ciL5eiI7FEmKyVELK8KnhIhGcdChKHGVvARwED9+w31oB\nQ8RP/LniXXGecRjj5z+B12wVCVnmnWxbYQ9IeSD57GwUYpF4EqCBy84mGFVnc/2O\nCV50HJK88bnzitsVMWd+TT1f+Rl3GQwZWCLtYZSg5pxztTytpMoGow941+A5MI9A\naGf8/m530ubasbTDmC0M+tdSNXLsF/bk5a7ozunwbqUIWi1wTYlO1k5wyCWweFmP\nSSF3JHDAOr4NU2lPWZ38KnAL5QGnkQIDAQABAoICADM2KS70fcsOF/Gh7GjlHTg+\nqjjTYOGTdbOkq3/Jn0b1VDJo8C1eLlW6xzq38f7eR3euHhvCuRQpWePLpFooybFo\n2Qq2jjPGS+xuEwZMAiTMcejVz2oO6twZzjeAn/syIJ3dcmz5DQ+yJaIeotE1tDoF\nCCf4Sg7hcoby+PkNkrO6GJdoRhf8BZLuyu7m1M2IYxSrEngDKavFAxXG9kVc9Kr2\nZoN9JQCnzK5l9nyORNiF6Acd1+8XSdmsxCD6pu31m1pC2WwiW7HFk9x85Wvxy6BW\nK+Ml5vSIHxymk9oiJ5kxQ7Dtg9ffkAJnRh4yj1Ql/q32NaWVqhPl4WTYckyXz1K8\n3xx/MpkPEMV0rPvIbII2u8GL7+2KUxBncnsjId9KphVKwmy1SAEVqgmon+Zvm9ho\nc+jPf325DehFGdHEQuICc7umukb7L0maOHOwmdzsrUgZ81xWYWLCVD9DN3TQdcN5\nUrjTnMxjRX0qEzcsiz88D8e37Ouo6MlFOHcp6jZ0vpkEQXv9rPnGhuC1hArXecO4\ndgxab1N++/AaOLTluFL8ILjEYVCii+2XGN8xcOnrtkdyGR/XG2fZWvS/PdNxSUuz\nUCEfHJ1kKmEOz3sYVvcOf3ZaO1oS+xoLzhoM9FWu278N2ss4eL05UlTg6TyeLh9x\niA8PGF/BK7bIdCe8/DLtAoIBAQDmlTzYMiYpYSfJm+sal8hfyi/6cwbgzSzilHEV\nCC7kPKU5U2f+uP6tl7RFO67QSho02xdFLKe0dqutqK1zGUPp4GWnh2gDs6hrZjsk\nFGFDVO06VzXOO7c3lYSDc/ffo4Ru7a1lvmhNqt5aqRkv7ntP7dfKkhwl+Ru3zC7H\nd3/dor9g+x3CUctnU2T4nvyULVSl6djL6jT8izb3BaFz5oOzz/wsWqET0r8UO13G\nbbUkLKhbL3A7z/WVh9QO1kjUBxHhzrChfNVssnQZj8sAqVlwausgIan38llQ2QBj\n0GlIz/Rt5OytxwMaWgru1BHQEbsPk1BpDnXre86rZS/Z5RXbAoIBAQD5w0McyaOq\ngKXzPZCtfc8qdO0BJN7eGX5PXm07NlqnGPRhuptshpYHPhvyZKQrIiqkYaUryYPc\n1eFVxbtGa6rmsLJRlTZAgYZMn7acZJnR588O3UUbOb1LMV7IeCc+y6gGMSDLAy0Y\nRSHJmDftoEYPyfwIwlUUxiAY5k/rJKutWIlQRTB4CqeA1ts9ug47+akexg1jOtVs\n06ViYxHJhg72dZCvlPCfs1zsIKFY1YlZx5yhm88n/l4e76N/Hv/EiJFCNZ6SMBAQ\nMxLCau3xMh4rRSCbxhsxr3yA/hZbqlqDLlAIh0lCVagZJTZtlmHsxIHEt5a3VTB4\nWjiLQsuwKxIDAoIBAQCAZxS1099aZabxZykZ6vIDHaVwE0P+RWM8XatHKgJqyLa9\nYIvl1gDEjFkvwJeNl+ZWDrc7py1QmlDp6KeGE8i04WfaTdYHUbF09T3zzoGHLDDa\nrxvgV3KkuldLmHWtDPK/jw1jPg/5SDCATfAft+7lSK5FOO4B22GrDUHzg8Epm+p0\nyAH/ZusdA9yTcn12ynN73OgETczp4WBfWLxavUAUDrr/vAw87LvJOXH0AL3BgjjS\nZm1acWjxtuzIwl1V7QXxN9c2Zjy3RfzPCzrhiGys5G1AvF5ZG5TPJ7hG3RT0HhGg\nbL2727oHn6K88k1lD6qads9tYUcbNhuVaEioTyDHAoIBABpCBwo9wLEqOUgrTsyO\nj3sdM9WM9MlQ0NCzUrSI8Frk6rxji/eK5rb4NqPzJLdMLkN96ImD9BMBgWEtGpU6\nuIrsRLMDBuMdOutPVzl18h35SvF7HcrQ9S+0jwxwZV/atV2BSLtPKCyHCBhTon2e\n/f6m85JQK/W1Jqa3f+tuvYXJ6xW/UGsuY5HOBNqmdtyjUL5lf/7QrqN0VMzVMYeI\nSoZqsb1j4TBJARnqDEx0lq4TqEntQYgo2+hQtVWmAqm82dimHnesCeRKGkzKRR24\ncSeHavg1iaJdmq9NBzi33jAwbEWZQ4Bv1O5f1SsMRltIBYSS8Itxr1jX014Atb1d\nqdUCggEBAIfSB4QWLX7qiZc8L5B3e9Y3CkoO1trtiNB/e5PXv3bqSFz5MubslKci\nx4PcNZ75/J3k8vP2TwctaFilPhJUPxRGWouYx/2n+o6oMKfmsXKrMNtjBHcXHJyM\n7afbbXuh+aqKLrIoWRx7mmQr4JX756+SBwjUL6q+suClZEBrN8mEM3LJQnbRwcdS\nbwSiallm5WsuPlCe7y16X5M9Hvh4tix71kSJHb2uEljmN6LBSRh1ab6WzDfy/bVJ\nMWw0beC7IuLbZLhxt4vTSjgRmcvEoNjmvREZk1lCGpa7U+Cz4CaDzbjMCymOrma1\nsJqAMPHLCA7z4TCFl331ls43+P/S9DI=\n-----END PRIVATE KEY-----\n",
            "public_key_fingerprint_md5": "d7:9d:4d:d1:0d:77:58:14:9f:53:99:c4:12:76:2e:95",
            "public_key_fingerprint_sha256": "SHA256:qDpNzlEXdP47d48gdFsDm1fvMEYeEou09oBL0xLy44s",
            "public_key_openssh": "ssh-rsa AAAAB3NzaC1yc2EAAAADAQABAAACAQDg9whOnlMldPU8hMeTt2sDADsoGDCK/xQCcWiPQ+rwNOelfKNleCCZ52j0eNBczWck3kc+Ud1I4g7PnqzBtsu4CwYnFQBme+tjD43czomHWIC3iAa5ZSK7FRghnMaiH4keu8MpBNtPG6qeqOXurZL3A1CUie1ZyUkw+zYRyVOAn3MumjgvHxovMcbjdcJnfbymjRG1umV2QbNYfdAhjOVQ2x2ZEo7DHYUS8BL8s4K3V9kZpqb57e4i8mxxTJ1lVcSGBI8XYmfigf4l3dErYevBFybarMMKVMuXbPzNq/u7uH69+XVXlpIyZtyo7ZR1HjKM9kOR5NkgacrRjAXIiv04QfIDdEXnZ5HIEMzuRo232u3eXPao0Thtot9Mtb3rEdXqnLbegRHxf5MjQzxNsEl8vds9xzFA5+4ciL5eiI7FEmKyVELK8KnhIhGcdChKHGVvARwED9+w31oBQ8RP/LniXXGecRjj5z+B12wVCVnmnWxbYQ9IeSD57GwUYpF4EqCBy84mGFVnc/2OCV50HJK88bnzitsVMWd+TT1f+Rl3GQwZWCLtYZSg5pxztTytpMoGow941+A5MI9AaGf8/m530ubasbTDmC0M+tdSNXLsF/bk5a7ozunwbqUIWi1wTYlO1k5wyCWweFmPSSF3JHDAOr4NU2lPWZ38KnAL5QGnkQ==\n",
            "public_key_pem": "-----BEGIN PUBLIC KEY-----\nMIICIjANBgkqhkiG9w0BAQEFAAOCAg8AMIICCgKCAgEA4PcITp5TJXT1PITHk7dr\nAwA7KBgwiv8UAnFoj0Pq8DTnpXyjZXggmedo9HjQXM1nJN5HPlHdSOIOz56swbbL\nuAsGJxUAZnvrYw+N3M6Jh1iAt4gGuWUiuxUYIZzGoh+JHrvDKQTbTxuqnqjl7q2S\n9wNQlIntWclJMPs2EclTgJ9zLpo4Lx8aLzHG43XCZ328po0RtbpldkGzWH3QIYzl\nUNsdmRKOwx2FEvAS/LOCt1fZGaam+e3uIvJscUydZVXEhgSPF2Jn4oH+Jd3RK2Hr\nwRcm2qzDClTLl2z8zav7u7h+vfl1V5aSMmbcqO2UdR4yjPZDkeTZIGnK0YwFyIr9\nOEHyA3RF52eRyBDM7kaNt9rt3lz2qNE4baLfTLW96xHV6py23oER8X+TI0M8TbBJ\nfL3bPccxQOfuHIi+XoiOxRJislRCyvCp4SIRnHQoShxlbwEcBA/fsN9aAUPET/y5\n4l1xnnEY4+c/gddsFQlZ5p1sW2EPSHkg+exsFGKReBKggcvOJhhVZ3P9jgledByS\nvPG584rbFTFnfk09X/kZdxkMGVgi7WGUoOacc7U8raTKBqMPeNfgOTCPQGhn/P5u\nd9Lm2rG0w5gtDPrXUjVy7Bf25OWu6M7p8G6lCFotcE2JTtZOcMglsHhZj0khdyRw\nwDq+DVNpT1md/CpwC+UBp5ECAwEAAQ==\n-----END PUBLIC KEY-----\n",
            "rsa_bits": 4096
          },
          "sensitive_attributes": [
            [
              {
                "type": "get_attr",
                "value": "private_key_pem_pkcs8"
              }
            ],
            [
              {
                "type": "get_attr",
                "value": "private_key_pem"
              }
            ],
            [
              {
                "type": "get_attr",
                "value": "private_key_openssh"
              }
            ]
          ]
        }
      ]
    }
  ],
  "check_results": null
}
